
Microsoft Visual Studio Solution File, Format Version 12.00
# Visual Studio Version 17
VisualStudioVersion = 17.13.35806.99 d17.13
MinimumVisualStudioVersion = 10.0.40219.1
Project("{FAE04EC0-301F-11D3-BF4B-00C04F79EFBC}") = "CuraMundi", "CuraMundi.csproj", "{9A9B925D-A9EA-4B76-B04B-2643038C8E33}"
EndProject
Project("{FAE04EC0-301F-11D3-BF4B-00C04F79EFBC}") = "CuraMundi.Infrastructure.DAL", "..\CuraMundi .Infrastructure.DAL\CuraMundi.Infrastructure.DAL.csproj", "{5D578392-03C7-4C4E-A10B-03E939AC188B}"
EndProject
Project("{FAE04EC0-301F-11D3-BF4B-00C04F79EFBC}") = "CuraMundi.Domain", "..\CuraMundi .Domain\CuraMundi.Domain.csproj", "{D88A076E-4593-4B60-B249-863F1F3A1F65}"
EndProject
Project("{FAE04EC0-301F-11D3-BF4B-00C04F79EFBC}") = "CuraMundi.Application.BLL", "..\CuraMundi .Application.BLL\CuraMundi.Application.BLL.csproj", "{8EB50504-0023-47B2-9D75-30AC4692211F}"
EndProject
Global
	GlobalSection(SolutionConfigurationPlatforms) = preSolution
		Debug|Any CPU = Debug|Any CPU
		Release|Any CPU = Release|Any CPU
	EndGlobalSection
	GlobalSection(ProjectConfigurationPlatforms) = postSolution
		{9A9B925D-A9EA-4B76-B04B-2643038C8E33}.Debug|Any CPU.ActiveCfg = Debug|Any CPU
		{9A9B925D-A9EA-4B76-B04B-2643038C8E33}.Debug|Any CPU.Build.0 = Debug|Any CPU
		{9A9B925D-A9EA-4B76-B04B-2643038C8E33}.Release|Any CPU.ActiveCfg = Release|Any CPU
		{9A9B925D-A9EA-4B76-B04B-2643038C8E33}.Release|Any CPU.Build.0 = Release|Any CPU
		{5D578392-03C7-4C4E-A10B-03E939AC188B}.Debug|Any CPU.ActiveCfg = Debug|Any CPU
		{5D578392-03C7-4C4E-A10B-03E939AC188B}.Debug|Any CPU.Build.0 = Debug|Any CPU
		{5D578392-03C7-4C4E-A10B-03E939AC188B}.Release|Any CPU.ActiveCfg = Release|Any CPU
		{5D578392-03C7-4C4E-A10B-03E939AC188B}.Release|Any CPU.Build.0 = Release|Any CPU
		{D88A076E-4593-4B60-B249-863F1F3A1F65}.Debug|Any CPU.ActiveCfg = Debug|Any CPU
		{D88A076E-4593-4B60-B249-863F1F3A1F65}.Debug|Any CPU.Build.0 = Debug|Any CPU
		{D88A076E-4593-4B60-B249-863F1F3A1F65}.Release|Any CPU.ActiveCfg = Release|Any CPU
		{D88A076E-4593-4B60-B249-863F1F3A1F65}.Release|Any CPU.Build.0 = Release|Any CPU
		{8EB50504-0023-47B2-9D75-30AC4692211F}.Debug|Any CPU.ActiveCfg = Debug|Any CPU
		{8EB50504-0023-47B2-9D75-30AC4692211F}.Debug|Any CPU.Build.0 = Debug|Any CPU
		{8EB50504-0023-47B2-9D75-30AC4692211F}.Release|Any CPU.ActiveCfg = Release|Any CPU
		{8EB50504-0023-47B2-9D75-30AC4692211F}.Release|Any CPU.Build.0 = Release|Any CPU
	EndGlobalSection
	GlobalSection(SolutionProperties) = preSolution
		HideSolutionNode = FALSE
	EndGlobalSection
	GlobalSection(ExtensibilityGlobals) = postSolution
		SolutionGuid = {1B0D0A81-0C53-41B1-AA8C-1835CBCB8AC4}
	EndGlobalSection
EndGlobal
